
Microsoft Visual Studio Solution File, Format Version 12.00
# Visual Studio Version 17
VisualStudioVersion = 17.14.36804.6
MinimumVisualStudioVersion = 10.0.40219.1
Project("{FAE04EC0-301F-11D3-BF4B-00C04F79EFBC}") = "Helpdesk", "Helpdesk\Helpdesk.csproj", "{96CE6D14-3460-42D5-A6D4-08C997B7FBCB}"
EndProject
Project("{FAE04EC0-301F-11D3-BF4B-00C04F79EFBC}") = "Domain", "Domain\Domain.csproj", "{C352ECB3-0D9D-47A6-96BA-CDCD14BD994F}"
EndProject
Project("{FAE04EC0-301F-11D3-BF4B-00C04F79EFBC}") = "Infrastructure", "Infrastructure\Infrastructure.csproj", "{2EE1357E-CE9C-4543-9E96-7F5B29CC5253}"
EndProject
Project("{FAE04EC0-301F-11D3-BF4B-00C04F79EFBC}") = "Application", "Application\Application.csproj", "{CC29EB43-B9FF-409B-8484-05AB310AB808}"
EndProject
Project("{FAE04EC0-301F-11D3-BF4B-00C04F79EFBC}") = "Contracts", "Contracts\Contracts.csproj", "{29E696CD-C35D-4012-8998-0274BDC5F0B7}"
EndProject
Global
	GlobalSection(SolutionConfigurationPlatforms) = preSolution
		Debug|Any CPU = Debug|Any CPU
		Release|Any CPU = Release|Any CPU
	EndGlobalSection
	GlobalSection(ProjectConfigurationPlatforms) = postSolution
		{96CE6D14-3460-42D5-A6D4-08C997B7FBCB}.Debug|Any CPU.ActiveCfg = Debug|Any CPU
		{96CE6D14-3460-42D5-A6D4-08C997B7FBCB}.Debug|Any CPU.Build.0 = Debug|Any CPU
		{96CE6D14-3460-42D5-A6D4-08C997B7FBCB}.Release|Any CPU.ActiveCfg = Release|Any CPU
		{96CE6D14-3460-42D5-A6D4-08C997B7FBCB}.Release|Any CPU.Build.0 = Release|Any CPU
		{C352ECB3-0D9D-47A6-96BA-CDCD14BD994F}.Debug|Any CPU.ActiveCfg = Debug|Any CPU
		{C352ECB3-0D9D-47A6-96BA-CDCD14BD994F}.Debug|Any CPU.Build.0 = Debug|Any CPU
		{C352ECB3-0D9D-47A6-96BA-CDCD14BD994F}.Release|Any CPU.ActiveCfg = Release|Any CPU
		{C352ECB3-0D9D-47A6-96BA-CDCD14BD994F}.Release|Any CPU.Build.0 = Release|Any CPU
		{2EE1357E-CE9C-4543-9E96-7F5B29CC5253}.Debug|Any CPU.ActiveCfg = Debug|Any CPU
		{2EE1357E-CE9C-4543-9E96-7F5B29CC5253}.Debug|Any CPU.Build.0 = Debug|Any CPU
		{2EE1357E-CE9C-4543-9E96-7F5B29CC5253}.Release|Any CPU.ActiveCfg = Release|Any CPU
		{2EE1357E-CE9C-4543-9E96-7F5B29CC5253}.Release|Any CPU.Build.0 = Release|Any CPU
		{CC29EB43-B9FF-409B-8484-05AB310AB808}.Debug|Any CPU.ActiveCfg = Debug|Any CPU
		{CC29EB43-B9FF-409B-8484-05AB310AB808}.Debug|Any CPU.Build.0 = Debug|Any CPU
		{CC29EB43-B9FF-409B-8484-05AB310AB808}.Release|Any CPU.ActiveCfg = Release|Any CPU
		{CC29EB43-B9FF-409B-8484-05AB310AB808}.Release|Any CPU.Build.0 = Release|Any CPU
		{29E696CD-C35D-4012-8998-0274BDC5F0B7}.Debug|Any CPU.ActiveCfg = Debug|Any CPU
		{29E696CD-C35D-4012-8998-0274BDC5F0B7}.Debug|Any CPU.Build.0 = Debug|Any CPU
		{29E696CD-C35D-4012-8998-0274BDC5F0B7}.Release|Any CPU.ActiveCfg = Release|Any CPU
		{29E696CD-C35D-4012-8998-0274BDC5F0B7}.Release|Any CPU.Build.0 = Release|Any CPU
	EndGlobalSection
	GlobalSection(SolutionProperties) = preSolution
		HideSolutionNode = FALSE
	EndGlobalSection
	GlobalSection(ExtensibilityGlobals) = postSolution
		SolutionGuid = {FD0F2D7F-6643-47A6-A1C9-F13C1BCC123E}
	EndGlobalSection
EndGlobal
